
Microsoft Visual Studio Solution File, Format Version 12.00
Project("{FAE04EC0-301F-11D3-BF4B-00C04F79EFBC}") = "TestDominio", "TestDominio\TestDominio.csproj", "{71A127DB-BAFE-4AB6-93EE-5522D2FA912D}"
EndProject
Project("{FAE04EC0-301F-11D3-BF4B-00C04F79EFBC}") = "Dominio", "Dominio\Dominio.csproj", "{D20E4DB5-B5A0-4BB8-972E-BD35FE4CB91F}"
EndProject
Project("{FAE04EC0-301F-11D3-BF4B-00C04F79EFBC}") = "Servicios", "Servicios\Servicios.csproj", "{6430363F-54A0-4CE8-9064-35703F6914C2}"
EndProject
Project("{FAE04EC0-301F-11D3-BF4B-00C04F79EFBC}") = "TestServicios", "TestServicios\TestServicios.csproj", "{0B0B033A-F576-46F6-A6DC-62D3F9C7596D}"
EndProject
Project("{FAE04EC0-301F-11D3-BF4B-00C04F79EFBC}") = "Repositorio", "Repositorio\Repositorio.csproj", "{88A04064-4797-4948-B39B-F60E352BE939}"
EndProject
Global
	GlobalSection(SolutionConfigurationPlatforms) = preSolution
		Debug|Any CPU = Debug|Any CPU
		Release|Any CPU = Release|Any CPU
	EndGlobalSection
	GlobalSection(ProjectConfigurationPlatforms) = postSolution
		{71A127DB-BAFE-4AB6-93EE-5522D2FA912D}.Debug|Any CPU.ActiveCfg = Debug|Any CPU
		{71A127DB-BAFE-4AB6-93EE-5522D2FA912D}.Debug|Any CPU.Build.0 = Debug|Any CPU
		{71A127DB-BAFE-4AB6-93EE-5522D2FA912D}.Release|Any CPU.ActiveCfg = Release|Any CPU
		{71A127DB-BAFE-4AB6-93EE-5522D2FA912D}.Release|Any CPU.Build.0 = Release|Any CPU
		{D20E4DB5-B5A0-4BB8-972E-BD35FE4CB91F}.Debug|Any CPU.ActiveCfg = Debug|Any CPU
		{D20E4DB5-B5A0-4BB8-972E-BD35FE4CB91F}.Debug|Any CPU.Build.0 = Debug|Any CPU
		{D20E4DB5-B5A0-4BB8-972E-BD35FE4CB91F}.Release|Any CPU.ActiveCfg = Release|Any CPU
		{D20E4DB5-B5A0-4BB8-972E-BD35FE4CB91F}.Release|Any CPU.Build.0 = Release|Any CPU
		{6430363F-54A0-4CE8-9064-35703F6914C2}.Debug|Any CPU.ActiveCfg = Debug|Any CPU
		{6430363F-54A0-4CE8-9064-35703F6914C2}.Debug|Any CPU.Build.0 = Debug|Any CPU
		{6430363F-54A0-4CE8-9064-35703F6914C2}.Release|Any CPU.ActiveCfg = Release|Any CPU
		{6430363F-54A0-4CE8-9064-35703F6914C2}.Release|Any CPU.Build.0 = Release|Any CPU
		{0B0B033A-F576-46F6-A6DC-62D3F9C7596D}.Debug|Any CPU.ActiveCfg = Debug|Any CPU
		{0B0B033A-F576-46F6-A6DC-62D3F9C7596D}.Debug|Any CPU.Build.0 = Debug|Any CPU
		{0B0B033A-F576-46F6-A6DC-62D3F9C7596D}.Release|Any CPU.ActiveCfg = Release|Any CPU
		{0B0B033A-F576-46F6-A6DC-62D3F9C7596D}.Release|Any CPU.Build.0 = Release|Any CPU
		{88A04064-4797-4948-B39B-F60E352BE939}.Debug|Any CPU.ActiveCfg = Debug|Any CPU
		{88A04064-4797-4948-B39B-F60E352BE939}.Debug|Any CPU.Build.0 = Debug|Any CPU
		{88A04064-4797-4948-B39B-F60E352BE939}.Release|Any CPU.ActiveCfg = Release|Any CPU
		{88A04064-4797-4948-B39B-F60E352BE939}.Release|Any CPU.Build.0 = Release|Any CPU
	EndGlobalSection
EndGlobal
